
Microsoft Visual Studio Solution File, Format Version 12.00
# Visual Studio Version 17
VisualStudioVersion = 17.10.34916.146
MinimumVisualStudioVersion = 10.0.40219.1
Project("{FAE04EC0-301F-11D3-BF4B-00C04F79EFBC}") = "quanlythuvien", "quanlythuvien\quanlythuvien.csproj", "{FFDA1D5C-8576-44DF-94D0-B47177B0BD63}"
EndProject
Global
	GlobalSection(SolutionConfigurationPlatforms) = preSolution
		Debug|Any CPU = Debug|Any CPU
		Release|Any CPU = Release|Any CPU
	EndGlobalSection
	GlobalSection(ProjectConfigurationPlatforms) = postSolution
		{FFDA1D5C-8576-44DF-94D0-B47177B0BD63}.Debug|Any CPU.ActiveCfg = Debug|Any CPU
		{FFDA1D5C-8576-44DF-94D0-B47177B0BD63}.Debug|Any CPU.Build.0 = Debug|Any CPU
		{FFDA1D5C-8576-44DF-94D0-B47177B0BD63}.Release|Any CPU.ActiveCfg = Release|Any CPU
		{FFDA1D5C-8576-44DF-94D0-B47177B0BD63}.Release|Any CPU.Build.0 = Release|Any CPU
	EndGlobalSection
	GlobalSection(SolutionProperties) = preSolution
		HideSolutionNode = FALSE
	EndGlobalSection
	GlobalSection(ExtensibilityGlobals) = postSolution
		SolutionGuid = {863ACF54-35EE-4A10-B401-BD4DEF30C53B}
	EndGlobalSection
EndGlobal
